# DO NOT EDIT MANUALLY - Managed by Fern Replay
version: "1.0"
generations:
  - commit_sha: 6c5240ae200d818bc12e51efb3fec4d1a84d1d08
    tree_hash: 4b376e2debccae34fd438237239b58695d7480dc
    timestamp: 2026-09-23T07:50:15.548Z
    cli_version: unknown
    generator_versions: {}
current_generation: 6c5240ae200d818bc12e51efb3fec4d1a84d1d08
patches: []
